
Microsoft Visual Studio Solution File, Format Version 12.00
# Visual Studio Version 17
VisualStudioVersion = 17.7.34024.191
MinimumVisualStudioVersion = 10.0.40219.1
Project("{8BC9CEB8-8B4A-11D0-8D11-00A0C91BC942}") = "Laboratoire -  Corriger les failles", "Laboratoire -  Corriger les failles.vcxproj", "{A6D423E1-4F77-4B0D-A7A9-A60D6F430743}"
EndProject
Global
	GlobalSection(SolutionConfigurationPlatforms) = preSolution
		Debug|x64 = Debug|x64
		Debug|x86 = Debug|x86
		Release|x64 = Release|x64
		Release|x86 = Release|x86
	EndGlobalSection
	GlobalSection(ProjectConfigurationPlatforms) = postSolution
		{A6D423E1-4F77-4B0D-A7A9-A60D6F430743}.Debug|x64.ActiveCfg = Debug|x64
		{A6D423E1-4F77-4B0D-A7A9-A60D6F430743}.Debug|x64.Build.0 = Debug|x64
		{A6D423E1-4F77-4B0D-A7A9-A60D6F430743}.Debug|x86.ActiveCfg = Debug|Win32
		{A6D423E1-4F77-4B0D-A7A9-A60D6F430743}.Debug|x86.Build.0 = Debug|Win32
		{A6D423E1-4F77-4B0D-A7A9-A60D6F430743}.Release|x64.ActiveCfg = Release|x64
		{A6D423E1-4F77-4B0D-A7A9-A60D6F430743}.Release|x64.Build.0 = Release|x64
		{A6D423E1-4F77-4B0D-A7A9-A60D6F430743}.Release|x86.ActiveCfg = Release|Win32
		{A6D423E1-4F77-4B0D-A7A9-A60D6F430743}.Release|x86.Build.0 = Release|Win32
	EndGlobalSection
	GlobalSection(SolutionProperties) = preSolution
		HideSolutionNode = FALSE
	EndGlobalSection
	GlobalSection(ExtensibilityGlobals) = postSolution
		SolutionGuid = {A1DE2852-D8CB-4D86-8FAB-3A71031AF69F}
	EndGlobalSection
EndGlobal
